// !$*UTF8*$!
{
	archiveVersion = 1;
	classes = {
	};
	objectVersion = 51;
	objects = {

/* Begin PBXBuildFile section */
		1F5755FF45B6160A4C633AFD /* Pods_Catstagram_starter.framework in Frameworks */ = {isa = PBXBuildFile; fileRef = 62ED1BBB0AD347689102F188 /* Pods_Catstagram_starter.framework */; };
		38A04A272569571000591FBB /* AppDelegate.swift in Sources */ = {isa = PBXBuildFile; fileRef = 38A04A262569571000591FBB /* AppDelegate.swift */; };
		38A04A292569571000591FBB /* SceneDelegate.swift in Sources */ = {isa = PBXBuildFile; fileRef = 38A04A282569571000591FBB /* SceneDelegate.swift */; };
		38A04A2B2569571000591FBB /* ContentView.swift in Sources */ = {isa = PBXBuildFile; fileRef = 38A04A2A2569571000591FBB /* ContentView.swift */; };
		38A04A2D2569571200591FBB /* Assets.xcassets in Resources */ = {isa = PBXBuildFile; fileRef = 38A04A2C2569571200591FBB /* Assets.xcassets */; };
		38A04A302569571200591FBB /* Preview Assets.xcassets in Resources */ = {isa = PBXBuildFile; fileRef = 38A04A2F2569571200591FBB /* Preview Assets.xcassets */; };
		38A04A332569571200591FBB /* LaunchScreen.storyboard in Resources */ = {isa = PBXBuildFile; fileRef = 38A04A312569571200591FBB /* LaunchScreen.storyboard */; };
		38A04A3C2569574C00591FBB /* GoogleService-Info.plist in Resources */ = {isa = PBXBuildFile; fileRef = 38A04A3B2569574C00591FBB /* GoogleService-Info.plist */; };
		38A04A5C256A001000591FBB /* feed.json in Resources */ = {isa = PBXBuildFile; fileRef = 38A04A5B256A000F00591FBB /* feed.json */; };
/* End PBXBuildFile section */

/* Begin PBXFileReference section */
		38A04A232569571000591FBB /* Catstagram-starter.app */ = {isa = PBXFileReference; explicitFileType = wrapper.application; includeInIndex = 0; path = "Catstagram-starter.app"; sourceTree = BUILT_PRODUCTS_DIR; };
		38A04A262569571000591FBB /* AppDelegate.swift */ = {isa = PBXFileReference; lastKnownFileType = sourcecode.swift; path = AppDelegate.swift; sourceTree = "<group>"; };
		38A04A282569571000591FBB /* SceneDelegate.swift */ = {isa = PBXFileReference; lastKnownFileType = sourcecode.swift; path = SceneDelegate.swift; sourceTree = "<group>"; };
		38A04A2A2569571000591FBB /* ContentView.swift */ = {isa = PBXFileReference; lastKnownFileType = sourcecode.swift; path = ContentView.swift; sourceTree = "<group>"; };
		38A04A2C2569571200591FBB /* Assets.xcassets */ = {isa = PBXFileReference; lastKnownFileType = folder.assetcatalog; path = Assets.xcassets; sourceTree = "<group>"; };
		38A04A2F2569571200591FBB /* Preview Assets.xcassets */ = {isa = PBXFileReference; lastKnownFileType = folder.assetcatalog; path = "Preview Assets.xcassets"; sourceTree = "<group>"; };
		38A04A322569571200591FBB /* Base */ = {isa = PBXFileReference; lastKnownFileType = file.storyboard; name = Base; path = Base.lproj/LaunchScreen.storyboard; sourceTree = "<group>"; };
		38A04A342569571200591FBB /* Info.plist */ = {isa = PBXFileReference; lastKnownFileType = text.plist.xml; path = Info.plist; sourceTree = "<group>"; };
		38A04A3B2569574C00591FBB /* GoogleService-Info.plist */ = {isa = PBXFileReference; fileEncoding = 4; lastKnownFileType = text.plist.xml; path = "GoogleService-Info.plist"; sourceTree = "<group>"; };
		38A04A5B256A000F00591FBB /* feed.json */ = {isa = PBXFileReference; fileEncoding = 4; lastKnownFileType = text.json; path = feed.json; sourceTree = "<group>"; };
		62ED1BBB0AD347689102F188 /* Pods_Catstagram_starter.framework */ = {isa = PBXFileReference; explicitFileType = wrapper.framework; includeInIndex = 0; path = Pods_Catstagram_starter.framework; sourceTree = BUILT_PRODUCTS_DIR; };
		A653A877DCF8C03C41E511C3 /* Pods-Catstagram-starter.debug.xcconfig */ = {isa = PBXFileReference; includeInIndex = 1; lastKnownFileType = text.xcconfig; name = "Pods-Catstagram-starter.debug.xcconfig"; path = "Target Support Files/Pods-Catstagram-starter/Pods-Catstagram-starter.debug.xcconfig"; sourceTree = "<group>"; };
		C40394BC4BB4F0321EDF2E5A /* Pods-Catstagram-starter.release.xcconfig */ = {isa = PBXFileReference; includeInIndex = 1; lastKnownFileType = text.xcconfig; name = "Pods-Catstagram-starter.release.xcconfig"; path = "Target Support Files/Pods-Catstagram-starter/Pods-Catstagram-starter.release.xcconfig"; sourceTree = "<group>"; };
/* End PBXFileReference section */

/* Begin PBXFrameworksBuildPhase section */
		38A04A202569571000591FBB /* Frameworks */ = {
			isa = PBXFrameworksBuildPhase;
			buildActionMask = 2147483647;
			files = (
				1F5755FF45B6160A4C633AFD /* Pods_Catstagram_starter.framework in Frameworks */,
			);
			runOnlyForDeploymentPostprocessing = 0;
		};
/* End PBXFrameworksBuildPhase section */

/* Begin PBXGroup section */
		04384EDE87AEB14F5DA44A3B /* Frameworks */ = {
			isa = PBXGroup;
			children = (
				62ED1BBB0AD347689102F188 /* Pods_Catstagram_starter.framework */,
			);
			name = Frameworks;
			sourceTree = "<group>";
		};
		38A04A1A2569571000591FBB = {
			isa = PBXGroup;
			children = (
				38A04A252569571000591FBB /* Catstagram-starter */,
				38A04A242569571000591FBB /* Products */,
				FC1B74061A234A5D20D6A98E /* Pods */,
				04384EDE87AEB14F5DA44A3B /* Frameworks */,
			);
			sourceTree = "<group>";
		};
		38A04A242569571000591FBB /* Products */ = {
			isa = PBXGroup;
			children = (
				38A04A232569571000591FBB /* Catstagram-starter.app */,
			);
			name = Products;
			sourceTree = "<group>";
		};
		38A04A252569571000591FBB /* Catstagram-starter */ = {
			isa = PBXGroup;
			children = (
				38A04A5F256A002200591FBB /* Bindings */,
				38A04A5E256A001B00591FBB /* Views */,
				38A04A5A2569FFFE00591FBB /* Resources */,
				38A04A262569571000591FBB /* AppDelegate.swift */,
				38A04A282569571000591FBB /* SceneDelegate.swift */,
				38A04A2A2569571000591FBB /* ContentView.swift */,
				38A04A2C2569571200591FBB /* Assets.xcassets */,
				38A04A312569571200591FBB /* LaunchScreen.storyboard */,
				38A04A342569571200591FBB /* Info.plist */,
				38A04A3B2569574C00591FBB /* GoogleService-Info.plist */,
				38A04A2E2569571200591FBB /* Preview Content */,
			);
			path = "Catstagram-starter";
			sourceTree = "<group>";
		};
		38A04A2E2569571200591FBB /* Preview Content */ = {
			isa = PBXGroup;
			children = (
				38A04A2F2569571200591FBB /* Preview Assets.xcassets */,
			);
			path = "Preview Content";
			sourceTree = "<group>";
		};
		38A04A5A2569FFFE00591FBB /* Resources */ = {
			isa = PBXGroup;
			children = (
				38A04A5B256A000F00591FBB /* feed.json */,
			);
			path = Resources;
			sourceTree = "<group>";
		};
		38A04A5E256A001B00591FBB /* Views */ = {
			isa = PBXGroup;
			children = (
			);
			path = Views;
			sourceTree = "<group>";
		};
		38A04A5F256A002200591FBB /* Bindings */ = {
			isa = PBXGroup;
			children = (
			);
			path = Bindings;
			sourceTree = "<group>";
		};
		FC1B74061A234A5D20D6A98E /* Pods */ = {
			isa = PBXGroup;
			children = (
				A653A877DCF8C03C41E511C3 /* Pods-Catstagram-starter.debug.xcconfig */,
				C40394BC4BB4F0321EDF2E5A /* Pods-Catstagram-starter.release.xcconfig */,
			);
			path = Pods;
			sourceTree = "<group>";
		};
/* End PBXGroup section */

/* Begin PBXNativeTarget section */
		38A04A222569571000591FBB /* Catstagram-starter */ = {
			isa = PBXNativeTarget;
			buildConfigurationList = 38A04A372569571200591FBB /* Build configuration list for PBXNativeTarget "Catstagram-starter" */;
			buildPhases = (
				4C4678B0457F306A9521BFAB /* [CP] Check Pods Manifest.lock */,
				38A04A1F2569571000591FBB /* Sources */,
				38A04A202569571000591FBB /* Frameworks */,
				38A04A212569571000591FBB /* Resources */,
				796FAAC8BFAA75DE1910FC5C /* [CP] Embed Pods Frameworks */,
			);
			buildRules = (
			);
			dependencies = (
			);
			name = "Catstagram-starter";
			productName = "Catstagram-starter";
			productReference = 38A04A232569571000591FBB /* Catstagram-starter.app */;
			productType = "com.apple.product-type.application";
		};
/* End PBXNativeTarget section */

/* Begin PBXProject section */
		38A04A1B2569571000591FBB /* Project object */ = {
			isa = PBXProject;
			attributes = {
				LastSwiftUpdateCheck = 1200;
				LastUpgradeCheck = 1200;
				TargetAttributes = {
					38A04A222569571000591FBB = {
						CreatedOnToolsVersion = 12.0.1;
					};
				};
			};
			buildConfigurationList = 38A04A1E2569571000591FBB /* Build configuration list for PBXProject "Catstagram-starter" */;
			compatibilityVersion = "Xcode 9.3";
			developmentRegion = en;
			hasScannedForEncodings = 0;
			knownRegions = (
				en,
				Base,
			);
			mainGroup = 38A04A1A2569571000591FBB;
			productRefGroup = 38A04A242569571000591FBB /* Products */;
			projectDirPath = "";
			projectRoot = "";
			targets = (
				38A04A222569571000591FBB /* Catstagram-starter */,
			);
		};
/* End PBXProject section */

/* Begin PBXResourcesBuildPhase section */
		38A04A212569571000591FBB /* Resources */ = {
			isa = PBXResourcesBuildPhase;
			buildActionMask = 2147483647;
			files = (
				38A04A332569571200591FBB /* LaunchScreen.storyboard in Resources */,
				38A04A3C2569574C00591FBB /* GoogleService-Info.plist in Resources */,
				38A04A5C256A001000591FBB /* feed.json in Resources */,
				38A04A302569571200591FBB /* Preview Assets.xcassets in Resources */,
				38A04A2D2569571200591FBB /* Assets.xcassets in Resources */,
			);
			runOnlyForDeploymentPostprocessing = 0;
		};
/* End PBXResourcesBuildPhase section */

/* Begin PBXShellScriptBuildPhase section */
		4C4678B0457F306A9521BFAB /* [CP] Check Pods Manifest.lock */ = {
			isa = PBXShellScriptBuildPhase;
			buildActionMask = 2147483647;
			files = (
			);
			inputFileListPaths = (
			);
			inputPaths = (
				"${PODS_PODFILE_DIR_PATH}/Podfile.lock",
				"${PODS_ROOT}/Manifest.lock",
			);
			name = "[CP] Check Pods Manifest.lock";
			outputFileListPaths = (
			);
			outputPaths = (
				"$(DERIVED_FILE_DIR)/Pods-Catstagram-starter-checkManifestLockResult.txt",
			);
			runOnlyForDeploymentPostprocessing = 0;
			shellPath = /bin/sh;
			shellScript = "diff \"${PODS_PODFILE_DIR_PATH}/Podfile.lock\" \"${PODS_ROOT}/Manifest.lock\" > /dev/null\nif [ $? != 0 ] ; then\n    # print error to STDERR\n    echo \"error: The sandbox is not in sync with the Podfile.lock. Run 'pod install' or update your CocoaPods installation.\" >&2\n    exit 1\nfi\n# This output is used by Xcode 'outputs' to avoid re-running this script phase.\necho \"SUCCESS\" > \"${SCRIPT_OUTPUT_FILE_0}\"\n";
			showEnvVarsInLog = 0;
		};
		796FAAC8BFAA75DE1910FC5C /* [CP] Embed Pods Frameworks */ = {
			isa = PBXShellScriptBuildPhase;
			buildActionMask = 2147483647;
			files = (
			);
			inputFileListPaths = (
				"${PODS_ROOT}/Target Support Files/Pods-Catstagram-starter/Pods-Catstagram-starter-frameworks-${CONFIGURATION}-input-files.xcfilelist",
			);
			name = "[CP] Embed Pods Frameworks";
			outputFileListPaths = (
				"${PODS_ROOT}/Target Support Files/Pods-Catstagram-starter/Pods-Catstagram-starter-frameworks-${CONFIGURATION}-output-files.xcfilelist",
			);
			runOnlyForDeploymentPostprocessing = 0;
			shellPath = /bin/sh;
			shellScript = "\"${PODS_ROOT}/Target Support Files/Pods-Catstagram-starter/Pods-Catstagram-starter-frameworks.sh\"\n";
			showEnvVarsInLog = 0;
		};
/* End PBXShellScriptBuildPhase section */

/* Begin PBXSourcesBuildPhase section */
		38A04A1F2569571000591FBB /* Sources */ = {
			isa = PBXSourcesBuildPhase;
			buildActionMask = 2147483647;
			files = (
				38A04A272569571000591FBB /* AppDelegate.swift in Sources */,
				38A04A292569571000591FBB /* SceneDelegate.swift in Sources */,
				38A04A2B2569571000591FBB /* ContentView.swift in Sources */,
			);
			runOnlyForDeploymentPostprocessing = 0;
		};
/* End PBXSourcesBuildPhase section */

/* Begin PBXVariantGroup section */
		38A04A312569571200591FBB /* LaunchScreen.storyboard */ = {
			isa = PBXVariantGroup;
			children = (
				38A04A322569571200591FBB /* Base */,
			);
			name = LaunchScreen.storyboard;
			sourceTree = "<group>";
		};
/* End PBXVariantGroup section */

/* Begin XCBuildConfiguration section */
		38A04A352569571200591FBB /* Debug */ = {
			isa = XCBuildConfiguration;
			buildSettings = {
				ALWAYS_SEARCH_USER_PATHS = NO;
				CLANG_ANALYZER_NONNULL = YES;
				CLANG_ANALYZER_NUMBER_OBJECT_CONVERSION = YES_AGGRESSIVE;
				CLANG_CXX_LANGUAGE_STANDARD = "gnu++14";
				CLANG_CXX_LIBRARY = "libc++";
				CLANG_ENABLE_MODULES = YES;
				CLANG_ENABLE_OBJC_ARC = YES;
				CLANG_ENABLE_OBJC_WEAK = YES;
				CLANG_WARN_BLOCK_CAPTURE_AUTORELEASING = YES;
				CLANG_WARN_BOOL_CONVERSION = YES;
				CLANG_WARN_COMMA = YES;
				CLANG_WARN_CONSTANT_CONVERSION = YES;
				CLANG_WARN_DEPRECATED_OBJC_IMPLEMENTATIONS = YES;
				CLANG_WARN_DIRECT_OBJC_ISA_USAGE = YES_ERROR;
				CLANG_WARN_DOCUMENTATION_COMMENTS = YES;
				CLANG_WARN_EMPTY_BODY = YES;
				CLANG_WARN_ENUM_CONVERSION = YES;
				CLANG_WARN_INFINITE_RECURSION = YES;
				CLANG_WARN_INT_CONVERSION = YES;
				CLANG_WARN_NON_LITERAL_NULL_CONVERSION = YES;
				CLANG_WARN_OBJC_IMPLICIT_RETAIN_SELF = YES;
				CLANG_WARN_OBJC_LITERAL_CONVERSION = YES;
				CLANG_WARN_OBJC_ROOT_CLASS = YES_ERROR;
				CLANG_WARN_QUOTED_INCLUDE_IN_FRAMEWORK_HEADER = YES;
				CLANG_WARN_RANGE_LOOP_ANALYSIS = YES;
				CLANG_WARN_STRICT_PROTOTYPES = YES;
				CLANG_WARN_SUSPICIOUS_MOVE = YES;
				CLANG_WARN_UNGUARDED_AVAILABILITY = YES_AGGRESSIVE;
				CLANG_WARN_UNREACHABLE_CODE = YES;
				CLANG_WARN__DUPLICATE_METHOD_MATCH = YES;
				COPY_PHASE_STRIP = NO;
				DEBUG_INFORMATION_FORMAT = dwarf;
				ENABLE_STRICT_OBJC_MSGSEND = YES;
				ENABLE_TESTABILITY = YES;
				GCC_C_LANGUAGE_STANDARD = gnu11;
				GCC_DYNAMIC_NO_PIC = NO;
				GCC_NO_COMMON_BLOCKS = YES;
				GCC_OPTIMIZATION_LEVEL = 0;
				GCC_PREPROCESSOR_DEFINITIONS = (
					"DEBUG=1",
					"$(inherited)",
				);
				GCC_WARN_64_TO_32_BIT_CONVERSION = YES;
				GCC_WARN_ABOUT_RETURN_TYPE = YES_ERROR;
				GCC_WARN_UNDECLARED_SELECTOR = YES;
				GCC_WARN_UNINITIALIZED_AUTOS = YES_AGGRESSIVE;
				GCC_WARN_UNUSED_FUNCTION = YES;
				GCC_WARN_UNUSED_VARIABLE = YES;
				IPHONEOS_DEPLOYMENT_TARGET = 14.0;
				MTL_ENABLE_DEBUG_INFO = INCLUDE_SOURCE;
				MTL_FAST_MATH = YES;
				ONLY_ACTIVE_ARCH = YES;
				SDKROOT = iphoneos;
				SWIFT_ACTIVE_COMPILATION_CONDITIONS = DEBUG;
				SWIFT_OPTIMIZATION_LEVEL = "-Onone";
			};
			name = Debug;
		};
		38A04A362569571200591FBB /* Release */ = {
			isa = XCBuildConfiguration;
			buildSettings = {
				ALWAYS_SEARCH_USER_PATHS = NO;
				CLANG_ANALYZER_NONNULL = YES;
				CLANG_ANALYZER_NUMBER_OBJECT_CONVERSION = YES_AGGRESSIVE;
				CLANG_CXX_LANGUAGE_STANDARD = "gnu++14";
				CLANG_CXX_LIBRARY = "libc++";
				CLANG_ENABLE_MODULES = YES;
				CLANG_ENABLE_OBJC_ARC = YES;
				CLANG_ENABLE_OBJC_WEAK = YES;
				CLANG_WARN_BLOCK_CAPTURE_AUTORELEASING = YES;
				CLANG_WARN_BOOL_CONVERSION = YES;
				CLANG_WARN_COMMA = YES;
				CLANG_WARN_CONSTANT_CONVERSION = YES;
				CLANG_WARN_DEPRECATED_OBJC_IMPLEMENTATIONS = YES;
				CLANG_WARN_DIRECT_OBJC_ISA_USAGE = YES_ERROR;
				CLANG_WARN_DOCUMENTATION_COMMENTS = YES;
				CLANG_WARN_EMPTY_BODY = YES;
				CLANG_WARN_ENUM_CONVERSION = YES;
				CLANG_WARN_INFINITE_RECURSION = YES;
				CLANG_WARN_INT_CONVERSION = YES;
				CLANG_WARN_NON_LITERAL_NULL_CONVERSION = YES;
				CLANG_WARN_OBJC_IMPLICIT_RETAIN_SELF = YES;
				CLANG_WARN_OBJC_LITERAL_CONVERSION = YES;
				CLANG_WARN_OBJC_ROOT_CLASS = YES_ERROR;
				CLANG_WARN_QUOTED_INCLUDE_IN_FRAMEWORK_HEADER = YES;
				CLANG_WARN_RANGE_LOOP_ANALYSIS = YES;
				CLANG_WARN_STRICT_PROTOTYPES = YES;
				CLANG_WARN_SUSPICIOUS_MOVE = YES;
				CLANG_WARN_UNGUARDED_AVAILABILITY = YES_AGGRESSIVE;
				CLANG_WARN_UNREACHABLE_CODE = YES;
				CLANG_WARN__DUPLICATE_METHOD_MATCH = YES;
				COPY_PHASE_STRIP = NO;
				DEBUG_INFORMATION_FORMAT = "dwarf-with-dsym";
				ENABLE_NS_ASSERTIONS = NO;
				ENABLE_STRICT_OBJC_MSGSEND = YES;
				GCC_C_LANGUAGE_STANDARD = gnu11;
				GCC_NO_COMMON_BLOCKS = YES;
				GCC_WARN_64_TO_32_BIT_CONVERSION = YES;
				GCC_WARN_ABOUT_RETURN_TYPE = YES_ERROR;
				GCC_WARN_UNDECLARED_SELECTOR = YES;
				GCC_WARN_UNINITIALIZED_AUTOS = YES_AGGRESSIVE;
				GCC_WARN_UNUSED_FUNCTION = YES;
				GCC_WARN_UNUSED_VARIABLE = YES;
				IPHONEOS_DEPLOYMENT_TARGET = 14.0;
				MTL_ENABLE_DEBUG_INFO = NO;
				MTL_FAST_MATH = YES;
				SDKROOT = iphoneos;
				SWIFT_COMPILATION_MODE = wholemodule;
				SWIFT_OPTIMIZATION_LEVEL = "-O";
				VALIDATE_PRODUCT = YES;
			};
			name = Release;
		};
		38A04A382569571200591FBB /* Debug */ = {
			isa = XCBuildConfiguration;
			baseConfigurationReference = A653A877DCF8C03C41E511C3 /* Pods-Catstagram-starter.debug.xcconfig */;
			buildSettings = {
				ASSETCATALOG_COMPILER_APPICON_NAME = AppIcon;
				ASSETCATALOG_COMPILER_GLOBAL_ACCENT_COLOR_NAME = AccentColor;
				CODE_SIGN_STYLE = Automatic;
				DEVELOPMENT_ASSET_PATHS = "\"Catstagram-starter/Preview Content\"";
				DEVELOPMENT_TEAM = D6ZFFGJQCK;
				ENABLE_PREVIEWS = YES;
				INFOPLIST_FILE = "Catstagram-starter/Info.plist";
				LD_RUNPATH_SEARCH_PATHS = (
					"$(inherited)",
					"@executable_path/Frameworks",
				);
				PRODUCT_BUNDLE_IDENTIFIER = "com.mila.Catstagram-starter";
				PRODUCT_NAME = "$(TARGET_NAME)";
				SWIFT_VERSION = 5.0;
				TARGETED_DEVICE_FAMILY = "1,2";
			};
			name = Debug;
		};
		38A04A392569571200591FBB /* Release */ = {
			isa = XCBuildConfiguration;
			baseConfigurationReference = C40394BC4BB4F0321EDF2E5A /* Pods-Catstagram-starter.release.xcconfig */;
			buildSettings = {
				ASSETCATALOG_COMPILER_APPICON_NAME = AppIcon;
				ASSETCATALOG_COMPILER_GLOBAL_ACCENT_COLOR_NAME = AccentColor;
				CODE_SIGN_STYLE = Automatic;
				DEVELOPMENT_ASSET_PATHS = "\"Catstagram-starter/Preview Content\"";
				DEVELOPMENT_TEAM = D6ZFFGJQCK;
				ENABLE_PREVIEWS = YES;
				INFOPLIST_FILE = "Catstagram-starter/Info.plist";
				LD_RUNPATH_SEARCH_PATHS = (
					"$(inherited)",
					"@executable_path/Frameworks",
				);
				PRODUCT_BUNDLE_IDENTIFIER = "com.mila.Catstagram-starter";
				PRODUCT_NAME = "$(TARGET_NAME)";
				SWIFT_VERSION = 5.0;
				TARGETED_DEVICE_FAMILY = "1,2";
			};
			name = Release;
		};
/* End XCBuildConfiguration section */

/* Begin XCConfigurationList section */
		38A04A1E2569571000591FBB /* Build configuration list for PBXProject "Catstagram-starter" */ = {
			isa = XCConfigurationList;
			buildConfigurations = (
				38A04A352569571200591FBB /* Debug */,
				38A04A362569571200591FBB /* Release */,
			);
			defaultConfigurationIsVisible = 0;
			defaultConfigurationName = Release;
		};
		38A04A372569571200591FBB /* Build configuration list for PBXNativeTarget "Catstagram-starter" */ = {
			isa = XCConfigurationList;
			buildConfigurations = (
				38A04A382569571200591FBB /* Debug */,
				38A04A392569571200591FBB /* Release */,
			);
			defaultConfigurationIsVisible = 0;
			defaultConfigurationName = Release;
		};
/* End XCConfigurationList section */
	};
	rootObject = 38A04A1B2569571000591FBB /* Project object */;
}
